
Microsoft Visual Studio Solution File, Format Version 12.00
# Visual Studio Version 17
VisualStudioVersion = 17.10.35122.118
MinimumVisualStudioVersion = 10.0.40219.1
Project("{FAE04EC0-301F-11D3-BF4B-00C04F79EFBC}") = "Class_obj_june_310724", "Class_obj_june_310724.csproj", "{7BF71361-89F8-4DAE-94E2-03EAAACD2344}"
EndProject
Global
	GlobalSection(SolutionConfigurationPlatforms) = preSolution
		Debug|Any CPU = Debug|Any CPU
		Release|Any CPU = Release|Any CPU
	EndGlobalSection
	GlobalSection(ProjectConfigurationPlatforms) = postSolution
		{7BF71361-89F8-4DAE-94E2-03EAAACD2344}.Debug|Any CPU.ActiveCfg = Debug|Any CPU
		{7BF71361-89F8-4DAE-94E2-03EAAACD2344}.Debug|Any CPU.Build.0 = Debug|Any CPU
		{7BF71361-89F8-4DAE-94E2-03EAAACD2344}.Release|Any CPU.ActiveCfg = Release|Any CPU
		{7BF71361-89F8-4DAE-94E2-03EAAACD2344}.Release|Any CPU.Build.0 = Release|Any CPU
	EndGlobalSection
	GlobalSection(SolutionProperties) = preSolution
		HideSolutionNode = FALSE
	EndGlobalSection
	GlobalSection(ExtensibilityGlobals) = postSolution
		SolutionGuid = {1D587232-27D9-42AA-A79B-B69FAB76BC12}
	EndGlobalSection
EndGlobal
